
Microsoft Visual Studio Solution File, Format Version 12.00
# Visual Studio 15
VisualStudioVersion = 15.0.28010.2050
MinimumVisualStudioVersion = 10.0.40219.1
Project("{FAE04EC0-301F-11D3-BF4B-00C04F79EFBC}") = "Probafeladat", "Probafeladat\Probafeladat.csproj", "{44EB9459-D4B2-4E14-BC7E-80F242D9701F}"
EndProject
Global
	GlobalSection(SolutionConfigurationPlatforms) = preSolution
		Debug|Any CPU = Debug|Any CPU
		Release|Any CPU = Release|Any CPU
	EndGlobalSection
	GlobalSection(ProjectConfigurationPlatforms) = postSolution
		{44EB9459-D4B2-4E14-BC7E-80F242D9701F}.Debug|Any CPU.ActiveCfg = Debug|Any CPU
		{44EB9459-D4B2-4E14-BC7E-80F242D9701F}.Debug|Any CPU.Build.0 = Debug|Any CPU
		{44EB9459-D4B2-4E14-BC7E-80F242D9701F}.Release|Any CPU.ActiveCfg = Release|Any CPU
		{44EB9459-D4B2-4E14-BC7E-80F242D9701F}.Release|Any CPU.Build.0 = Release|Any CPU
	EndGlobalSection
	GlobalSection(SolutionProperties) = preSolution
		HideSolutionNode = FALSE
	EndGlobalSection
	GlobalSection(ExtensibilityGlobals) = postSolution
		SolutionGuid = {6C00A024-6A58-4C11-ABD4-371A2BB8DB6A}
	EndGlobalSection
EndGlobal
